
Microsoft Visual Studio Solution File, Format Version 12.00
# Visual Studio 15
VisualStudioVersion = 15.0.26730.16
MinimumVisualStudioVersion = 10.0.40219.1
Project("{FAE04EC0-301F-11D3-BF4B-00C04F79EFBC}") = "SearchBotVK", "SearchBotVK\SearchBotVK.csproj", "{A6B82DBF-0287-4DC1-9363-B64251452D76}"
EndProject
Global
	GlobalSection(SolutionConfigurationPlatforms) = preSolution
		Debug|Any CPU = Debug|Any CPU
		Release|Any CPU = Release|Any CPU
	EndGlobalSection
	GlobalSection(ProjectConfigurationPlatforms) = postSolution
		{A6B82DBF-0287-4DC1-9363-B64251452D76}.Debug|Any CPU.ActiveCfg = Debug|Any CPU
		{A6B82DBF-0287-4DC1-9363-B64251452D76}.Debug|Any CPU.Build.0 = Debug|Any CPU
		{A6B82DBF-0287-4DC1-9363-B64251452D76}.Release|Any CPU.ActiveCfg = Release|Any CPU
		{A6B82DBF-0287-4DC1-9363-B64251452D76}.Release|Any CPU.Build.0 = Release|Any CPU
	EndGlobalSection
	GlobalSection(SolutionProperties) = preSolution
		HideSolutionNode = FALSE
	EndGlobalSection
	GlobalSection(ExtensibilityGlobals) = postSolution
		SolutionGuid = {C9F4AD63-986F-42FB-8F38-44DDCDE89765}
	EndGlobalSection
EndGlobal
